
Microsoft Visual Studio Solution File, Format Version 12.00
# Visual Studio Version 16
VisualStudioVersion = 16.0.31702.278
MinimumVisualStudioVersion = 10.0.40219.1
Project("{9A19103F-16F7-4668-BE54-9A1E7A4F7556}") = "CA.MigratorDB", "CA.MigratorDB\CA.MigratorDB.csproj", "{B564B71B-62D7-4120-B032-7B9BFC17AD46}"
EndProject
Global
	GlobalSection(SolutionConfigurationPlatforms) = preSolution
		Debug|Any CPU = Debug|Any CPU
		Release|Any CPU = Release|Any CPU
	EndGlobalSection
	GlobalSection(ProjectConfigurationPlatforms) = postSolution
		{B564B71B-62D7-4120-B032-7B9BFC17AD46}.Debug|Any CPU.ActiveCfg = Debug|Any CPU
		{B564B71B-62D7-4120-B032-7B9BFC17AD46}.Debug|Any CPU.Build.0 = Debug|Any CPU
		{B564B71B-62D7-4120-B032-7B9BFC17AD46}.Release|Any CPU.ActiveCfg = Release|Any CPU
		{B564B71B-62D7-4120-B032-7B9BFC17AD46}.Release|Any CPU.Build.0 = Release|Any CPU
	EndGlobalSection
	GlobalSection(SolutionProperties) = preSolution
		HideSolutionNode = FALSE
	EndGlobalSection
	GlobalSection(ExtensibilityGlobals) = postSolution
		SolutionGuid = {AF3B6C0F-89AB-40AE-BC46-D4BB5D6EA760}
	EndGlobalSection
EndGlobal
