
Microsoft Visual Studio Solution File, Format Version 12.00
# Visual Studio Version 16
VisualStudioVersion = 16.0.32228.343
MinimumVisualStudioVersion = 10.0.40219.1
Project("{9A19103F-16F7-4668-BE54-9A1E7A4F7556}") = "CA.Api", "Code\Backend\CA.Api\CA.Api.csproj", "{794E32CE-4337-41A7-AF53-03B65550A596}"
EndProject
Project("{9A19103F-16F7-4668-BE54-9A1E7A4F7556}") = "CA.Domain", "Code\Backend\CA.Domain\CA.Domain.csproj", "{AFB1FFB6-4B9B-4AB9-90D1-91E3F82AE431}"
EndProject
Project("{2150E333-8FDC-42A3-9474-1A3956D46DE8}") = "Tests", "Tests", "{B160BF63-9306-41F6-ACF4-24D52A4B6E61}"
EndProject
Project("{2150E333-8FDC-42A3-9474-1A3956D46DE8}") = "docs", "docs", "{0D3829EA-EDB8-47CE-A731-40C5F060CA40}"
	ProjectSection(SolutionItems) = preProject
		..\README.md = ..\README.md
	EndProjectSection
EndProject
Project("{2150E333-8FDC-42A3-9474-1A3956D46DE8}") = "Code", "Code", "{A90CB354-A703-4CE2-8565-884248A9BB45}"
EndProject
Project("{2150E333-8FDC-42A3-9474-1A3956D46DE8}") = "WebAPI", "WebAPI", "{A39DB096-1AD1-44AC-95A1-A1464AD0C220}"
EndProject
Project("{2150E333-8FDC-42A3-9474-1A3956D46DE8}") = "Infrastructure", "Infrastructure", "{BB1EC67F-A323-487A-8ABA-29BB7267831F}"
EndProject
Project("{2150E333-8FDC-42A3-9474-1A3956D46DE8}") = "Domain", "Domain", "{0238B72B-2DAB-4676-A4FD-67D0E495454E}"
EndProject
Project("{2150E333-8FDC-42A3-9474-1A3956D46DE8}") = "Application", "Application", "{D5B09CA0-A607-4341-AED3-2CB3E22C6AD0}"
EndProject
Project("{2150E333-8FDC-42A3-9474-1A3956D46DE8}") = "Solution Items", "Solution Items", "{245B5ECC-04EE-4800-A76C-9A91CEB3DCD6}"
	ProjectSection(SolutionItems) = preProject
		.editorconfig = .editorconfig
	EndProjectSection
EndProject
Project("{2150E333-8FDC-42A3-9474-1A3956D46DE8}") = "MigrationDB", "MigrationDB", "{06281BFD-F9D9-4136-8746-C4036A548E97}"
EndProject
Project("{2150E333-8FDC-42A3-9474-1A3956D46DE8}") = "Backend", "Backend", "{F405A805-A99C-44A7-8FCF-1BDA1F1173BE}"
EndProject
Project("{9A19103F-16F7-4668-BE54-9A1E7A4F7556}") = "CA.Infrastructure.Persistence", "Code\Backend\CA.Infrastructure.Persistence\CA.Infrastructure.Persistence.csproj", "{A7497D01-183C-4C7D-B80E-80C28AF422B4}"
EndProject
Project("{9A19103F-16F7-4668-BE54-9A1E7A4F7556}") = "CA.Infrastructure.UnitOfWork", "Code\Backend\CA.Infrastructure.UnitOfWork\CA.Infrastructure.UnitOfWork.csproj", "{A37E17D4-C2B1-4E5B-8076-28DF63483758}"
EndProject
Project("{9A19103F-16F7-4668-BE54-9A1E7A4F7556}") = "CA.Infrastructure.Common", "Code\Backend\CA.Infrastructure.Common\CA.Infrastructure.Common.csproj", "{0CC8BF3A-B929-4BAF-A3BA-23F1EF89D0E5}"
EndProject
Project("{9A19103F-16F7-4668-BE54-9A1E7A4F7556}") = "CA.IntegrationTest", "Code\Tests\CA.IntegrationTest\CA.IntegrationTest.csproj", "{4EB32673-1D57-424B-96CB-223E8E5F1F4B}"
EndProject
Project("{9A19103F-16F7-4668-BE54-9A1E7A4F7556}") = "CA.MigratorDB", "Code\MigrationDB\MigratorDB\CA.MigratorDB.csproj", "{F38B13C9-049B-460D-BEF0-B1328CED9575}"
EndProject
Project("{9A19103F-16F7-4668-BE54-9A1E7A4F7556}") = "CA.Application", "Code\Backend\CA.Application\CA.Application.csproj", "{1F2BF969-4CBA-44B3-9C5E-E50CA47C5010}"
EndProject
Project("{9A19103F-16F7-4668-BE54-9A1E7A4F7556}") = "CA.UnitTest", "Code\Tests\CA.UnitTest\CA.UnitTest.csproj", "{0F4E4B88-BE25-48A0-8872-A47EB2047776}"
EndProject
Global
	GlobalSection(SolutionConfigurationPlatforms) = preSolution
		Debug|Any CPU = Debug|Any CPU
		Release|Any CPU = Release|Any CPU
	EndGlobalSection
	GlobalSection(ProjectConfigurationPlatforms) = postSolution
		{794E32CE-4337-41A7-AF53-03B65550A596}.Debug|Any CPU.ActiveCfg = Debug|Any CPU
		{794E32CE-4337-41A7-AF53-03B65550A596}.Debug|Any CPU.Build.0 = Debug|Any CPU
		{794E32CE-4337-41A7-AF53-03B65550A596}.Release|Any CPU.ActiveCfg = Release|Any CPU
		{794E32CE-4337-41A7-AF53-03B65550A596}.Release|Any CPU.Build.0 = Release|Any CPU
		{AFB1FFB6-4B9B-4AB9-90D1-91E3F82AE431}.Debug|Any CPU.ActiveCfg = Debug|Any CPU
		{AFB1FFB6-4B9B-4AB9-90D1-91E3F82AE431}.Debug|Any CPU.Build.0 = Debug|Any CPU
		{AFB1FFB6-4B9B-4AB9-90D1-91E3F82AE431}.Release|Any CPU.ActiveCfg = Release|Any CPU
		{AFB1FFB6-4B9B-4AB9-90D1-91E3F82AE431}.Release|Any CPU.Build.0 = Release|Any CPU
		{A7497D01-183C-4C7D-B80E-80C28AF422B4}.Debug|Any CPU.ActiveCfg = Debug|Any CPU
		{A7497D01-183C-4C7D-B80E-80C28AF422B4}.Debug|Any CPU.Build.0 = Debug|Any CPU
		{A7497D01-183C-4C7D-B80E-80C28AF422B4}.Release|Any CPU.ActiveCfg = Release|Any CPU
		{A7497D01-183C-4C7D-B80E-80C28AF422B4}.Release|Any CPU.Build.0 = Release|Any CPU
		{A37E17D4-C2B1-4E5B-8076-28DF63483758}.Debug|Any CPU.ActiveCfg = Debug|Any CPU
		{A37E17D4-C2B1-4E5B-8076-28DF63483758}.Debug|Any CPU.Build.0 = Debug|Any CPU
		{A37E17D4-C2B1-4E5B-8076-28DF63483758}.Release|Any CPU.ActiveCfg = Release|Any CPU
		{A37E17D4-C2B1-4E5B-8076-28DF63483758}.Release|Any CPU.Build.0 = Release|Any CPU
		{0CC8BF3A-B929-4BAF-A3BA-23F1EF89D0E5}.Debug|Any CPU.ActiveCfg = Debug|Any CPU
		{0CC8BF3A-B929-4BAF-A3BA-23F1EF89D0E5}.Debug|Any CPU.Build.0 = Debug|Any CPU
		{0CC8BF3A-B929-4BAF-A3BA-23F1EF89D0E5}.Release|Any CPU.ActiveCfg = Release|Any CPU
		{0CC8BF3A-B929-4BAF-A3BA-23F1EF89D0E5}.Release|Any CPU.Build.0 = Release|Any CPU
		{4EB32673-1D57-424B-96CB-223E8E5F1F4B}.Debug|Any CPU.ActiveCfg = Debug|Any CPU
		{4EB32673-1D57-424B-96CB-223E8E5F1F4B}.Debug|Any CPU.Build.0 = Debug|Any CPU
		{4EB32673-1D57-424B-96CB-223E8E5F1F4B}.Release|Any CPU.ActiveCfg = Release|Any CPU
		{4EB32673-1D57-424B-96CB-223E8E5F1F4B}.Release|Any CPU.Build.0 = Release|Any CPU
		{F38B13C9-049B-460D-BEF0-B1328CED9575}.Debug|Any CPU.ActiveCfg = Debug|Any CPU
		{F38B13C9-049B-460D-BEF0-B1328CED9575}.Debug|Any CPU.Build.0 = Debug|Any CPU
		{F38B13C9-049B-460D-BEF0-B1328CED9575}.Release|Any CPU.ActiveCfg = Release|Any CPU
		{F38B13C9-049B-460D-BEF0-B1328CED9575}.Release|Any CPU.Build.0 = Release|Any CPU
		{1F2BF969-4CBA-44B3-9C5E-E50CA47C5010}.Debug|Any CPU.ActiveCfg = Debug|Any CPU
		{1F2BF969-4CBA-44B3-9C5E-E50CA47C5010}.Debug|Any CPU.Build.0 = Debug|Any CPU
		{1F2BF969-4CBA-44B3-9C5E-E50CA47C5010}.Release|Any CPU.ActiveCfg = Release|Any CPU
		{1F2BF969-4CBA-44B3-9C5E-E50CA47C5010}.Release|Any CPU.Build.0 = Release|Any CPU
		{0F4E4B88-BE25-48A0-8872-A47EB2047776}.Debug|Any CPU.ActiveCfg = Debug|Any CPU
		{0F4E4B88-BE25-48A0-8872-A47EB2047776}.Debug|Any CPU.Build.0 = Debug|Any CPU
		{0F4E4B88-BE25-48A0-8872-A47EB2047776}.Release|Any CPU.ActiveCfg = Release|Any CPU
		{0F4E4B88-BE25-48A0-8872-A47EB2047776}.Release|Any CPU.Build.0 = Release|Any CPU
	EndGlobalSection
	GlobalSection(SolutionProperties) = preSolution
		HideSolutionNode = FALSE
	EndGlobalSection
	GlobalSection(NestedProjects) = preSolution
		{794E32CE-4337-41A7-AF53-03B65550A596} = {A39DB096-1AD1-44AC-95A1-A1464AD0C220}
		{AFB1FFB6-4B9B-4AB9-90D1-91E3F82AE431} = {0238B72B-2DAB-4676-A4FD-67D0E495454E}
		{B160BF63-9306-41F6-ACF4-24D52A4B6E61} = {A90CB354-A703-4CE2-8565-884248A9BB45}
		{A39DB096-1AD1-44AC-95A1-A1464AD0C220} = {F405A805-A99C-44A7-8FCF-1BDA1F1173BE}
		{BB1EC67F-A323-487A-8ABA-29BB7267831F} = {F405A805-A99C-44A7-8FCF-1BDA1F1173BE}
		{0238B72B-2DAB-4676-A4FD-67D0E495454E} = {F405A805-A99C-44A7-8FCF-1BDA1F1173BE}
		{D5B09CA0-A607-4341-AED3-2CB3E22C6AD0} = {F405A805-A99C-44A7-8FCF-1BDA1F1173BE}
		{06281BFD-F9D9-4136-8746-C4036A548E97} = {A90CB354-A703-4CE2-8565-884248A9BB45}
		{F405A805-A99C-44A7-8FCF-1BDA1F1173BE} = {A90CB354-A703-4CE2-8565-884248A9BB45}
		{A7497D01-183C-4C7D-B80E-80C28AF422B4} = {BB1EC67F-A323-487A-8ABA-29BB7267831F}
		{A37E17D4-C2B1-4E5B-8076-28DF63483758} = {BB1EC67F-A323-487A-8ABA-29BB7267831F}
		{0CC8BF3A-B929-4BAF-A3BA-23F1EF89D0E5} = {BB1EC67F-A323-487A-8ABA-29BB7267831F}
		{4EB32673-1D57-424B-96CB-223E8E5F1F4B} = {B160BF63-9306-41F6-ACF4-24D52A4B6E61}
		{F38B13C9-049B-460D-BEF0-B1328CED9575} = {06281BFD-F9D9-4136-8746-C4036A548E97}
		{1F2BF969-4CBA-44B3-9C5E-E50CA47C5010} = {D5B09CA0-A607-4341-AED3-2CB3E22C6AD0}
		{0F4E4B88-BE25-48A0-8872-A47EB2047776} = {B160BF63-9306-41F6-ACF4-24D52A4B6E61}
	EndGlobalSection
	GlobalSection(ExtensibilityGlobals) = postSolution
		SolutionGuid = {EABA5790-2B3D-42BA-8973-C475D8C162BC}
	EndGlobalSection
EndGlobal
